<?xml version="1.0" encoding="utf-8"?>
<Project ToolsVersion="4.0" xmlns="http://schemas.microsoft.com/developer/msbuild/2003">
  <ItemGroup>
    <Filter Include="Core">
      <UniqueIdentifier>{2EB4837C-1AEB-840D-C3D7-6A10AFED000F}</UniqueIdentifier>
    </Filter>
    <Filter Include="Fractals">
      <UniqueIdentifier>{55B3A746-4180-0252-6A99-F0F956C537E0}</UniqueIdentifier>
    </Filter>
  </ItemGroup>
  <ItemGroup>
    <ClInclude Include="src\Core\Application.h">
      <Filter>Core</Filter>
    </ClInclude>
    <ClInclude Include="src\Core\FractalManager.h">
      <Filter>Core</Filter>
    </ClInclude>
    <ClInclude Include="src\Core\ResourceManager.h">
      <Filter>Core</Filter>
    </ClInclude>
    <ClInclude Include="src\Fractals\BurningShip.h">
      <Filter>Fractals</Filter>
    </ClInclude>
    <ClInclude Include="src\Fractals\Fractal.h">
      <Filter>Fractals</Filter>
    </ClInclude>
    <ClInclude Include="src\Fractals\Julia.h">
      <Filter>Fractals</Filter>
    </ClInclude>
    <ClInclude Include="src\Fractals\Mandelbrot.h">
      <Filter>Fractals</Filter>
    </ClInclude>
    <ClInclude Include="src\Fractals\Nova.h">
      <Filter>Fractals</Filter>
    </ClInclude>
  </ItemGroup>
  <ItemGroup>
    <ClCompile Include="src\Core\Application.cpp">
      <Filter>Core</Filter>
    </ClCompile>
    <ClCompile Include="src\Core\FractalManager.cpp">
      <Filter>Core</Filter>
    </ClCompile>
    <ClCompile Include="src\Core\ResourceManager.cpp">
      <Filter>Core</Filter>
    </ClCompile>
    <ClCompile Include="src\Core\main.cpp">
      <Filter>Core</Filter>
    </ClCompile>
    <ClCompile Include="src\Fractals\BurningShip.cpp">
      <Filter>Fractals</Filter>
    </ClCompile>
    <ClCompile Include="src\Fractals\Fractal.cpp">
      <Filter>Fractals</Filter>
    </ClCompile>
    <ClCompile Include="src\Fractals\Julia.cpp">
      <Filter>Fractals</Filter>
    </ClCompile>
    <ClCompile Include="src\Fractals\Mandelbrot.cpp">
      <Filter>Fractals</Filter>
    </ClCompile>
    <ClCompile Include="src\Fractals\Nova.cpp">
      <Filter>Fractals</Filter>
    </ClCompile>
  </ItemGroup>
</Project>